// !$*UTF8*$!
{
	archiveVersion = 1;
	classes = {
	};
	objectVersion = 46;
	objects = {

/* Begin PBXBuildFile section */
		4A899CD8194EEFC40091DB61 /* Foundation.framework in Frameworks */ = {isa = PBXBuildFile; fileRef = 4A899CD7194EEFC40091DB61 /* Foundation.framework */; };
		4A899CDA194EEFC40091DB61 /* CoreGraphics.framework in Frameworks */ = {isa = PBXBuildFile; fileRef = 4A899CD9194EEFC40091DB61 /* CoreGraphics.framework */; };
		4A899CDC194EEFC40091DB61 /* UIKit.framework in Frameworks */ = {isa = PBXBuildFile; fileRef = 4A899CDB194EEFC40091DB61 /* UIKit.framework */; };
		4A899CE2194EEFC40091DB61 /* InfoPlist.strings in Resources */ = {isa = PBXBuildFile; fileRef = 4A899CE0194EEFC40091DB61 /* InfoPlist.strings */; };
		4A899CE4194EEFC40091DB61 /* main.m in Sources */ = {isa = PBXBuildFile; fileRef = 4A899CE3194EEFC40091DB61 /* main.m */; };
		4A899CE8194EEFC40091DB61 /* AppDelegate.m in Sources */ = {isa = PBXBuildFile; fileRef = 4A899CE7194EEFC40091DB61 /* AppDelegate.m */; };
		4A899CEB194EEFC40091DB61 /* Main.storyboard in Resources */ = {isa = PBXBuildFile; fileRef = 4A899CE9194EEFC40091DB61 /* Main.storyboard */; };
		4A899CEE194EEFC40091DB61 /* MasterViewController.m in Sources */ = {isa = PBXBuildFile; fileRef = 4A899CED194EEFC40091DB61 /* MasterViewController.m */; };
		4A899CF3194EEFC40091DB61 /* Images.xcassets in Resources */ = {isa = PBXBuildFile; fileRef = 4A899CF2194EEFC40091DB61 /* Images.xcassets */; };
		4A899CFA194EEFC40091DB61 /* XCTest.framework in Frameworks */ = {isa = PBXBuildFile; fileRef = 4A899CF9194EEFC40091DB61 /* XCTest.framework */; };
		4A899CFB194EEFC40091DB61 /* Foundation.framework in Frameworks */ = {isa = PBXBuildFile; fileRef = 4A899CD7194EEFC40091DB61 /* Foundation.framework */; };
		4A899CFC194EEFC40091DB61 /* UIKit.framework in Frameworks */ = {isa = PBXBuildFile; fileRef = 4A899CDB194EEFC40091DB61 /* UIKit.framework */; };
		4A899D04194EEFC40091DB61 /* InfoPlist.strings in Resources */ = {isa = PBXBuildFile; fileRef = 4A899D02194EEFC40091DB61 /* InfoPlist.strings */; };
		4A899D06194EEFC40091DB61 /* ToDo2Tests.m in Sources */ = {isa = PBXBuildFile; fileRef = 4A899D05194EEFC40091DB61 /* ToDo2Tests.m */; };
		4A899D11194EF05F0091DB61 /* NewViewController.m in Sources */ = {isa = PBXBuildFile; fileRef = 4A899D10194EF05F0091DB61 /* NewViewController.m */; };
/* End PBXBuildFile section */

/* Begin PBXContainerItemProxy section */
		4A899CFD194EEFC40091DB61 /* PBXContainerItemProxy */ = {
			isa = PBXContainerItemProxy;
			containerPortal = 4A899CCC194EEFC40091DB61 /* Project object */;
			proxyType = 1;
			remoteGlobalIDString = 4A899CD3194EEFC40091DB61;
			remoteInfo = ToDo2;
		};
/* End PBXContainerItemProxy section */

/* Begin PBXFileReference section */
		4A899CD4194EEFC40091DB61 /* ToDo2.app */ = {isa = PBXFileReference; explicitFileType = wrapper.application; includeInIndex = 0; path = ToDo2.app; sourceTree = BUILT_PRODUCTS_DIR; };
		4A899CD7194EEFC40091DB61 /* Foundation.framework */ = {isa = PBXFileReference; lastKnownFileType = wrapper.framework; name = Foundation.framework; path = System/Library/Frameworks/Foundation.framework; sourceTree = SDKROOT; };
		4A899CD9194EEFC40091DB61 /* CoreGraphics.framework */ = {isa = PBXFileReference; lastKnownFileType = wrapper.framework; name = CoreGraphics.framework; path = System/Library/Frameworks/CoreGraphics.framework; sourceTree = SDKROOT; };
		4A899CDB194EEFC40091DB61 /* UIKit.framework */ = {isa = PBXFileReference; lastKnownFileType = wrapper.framework; name = UIKit.framework; path = System/Library/Frameworks/UIKit.framework; sourceTree = SDKROOT; };
		4A899CDF194EEFC40091DB61 /* ToDo2-Info.plist */ = {isa = PBXFileReference; lastKnownFileType = text.plist.xml; path = "ToDo2-Info.plist"; sourceTree = "<group>"; };
		4A899CE1194EEFC40091DB61 /* en */ = {isa = PBXFileReference; lastKnownFileType = text.plist.strings; name = en; path = en.lproj/InfoPlist.strings; sourceTree = "<group>"; };
		4A899CE3194EEFC40091DB61 /* main.m */ = {isa = PBXFileReference; lastKnownFileType = sourcecode.c.objc; path = main.m; sourceTree = "<group>"; };
		4A899CE5194EEFC40091DB61 /* ToDo2-Prefix.pch */ = {isa = PBXFileReference; lastKnownFileType = sourcecode.c.h; path = "ToDo2-Prefix.pch"; sourceTree = "<group>"; };
		4A899CE6194EEFC40091DB61 /* AppDelegate.h */ = {isa = PBXFileReference; lastKnownFileType = sourcecode.c.h; path = AppDelegate.h; sourceTree = "<group>"; };
		4A899CE7194EEFC40091DB61 /* AppDelegate.m */ = {isa = PBXFileReference; lastKnownFileType = sourcecode.c.objc; path = AppDelegate.m; sourceTree = "<group>"; };
		4A899CEA194EEFC40091DB61 /* Base */ = {isa = PBXFileReference; lastKnownFileType = file.storyboard; name = Base; path = Base.lproj/Main.storyboard; sourceTree = "<group>"; };
		4A899CEC194EEFC40091DB61 /* MasterViewController.h */ = {isa = PBXFileReference; lastKnownFileType = sourcecode.c.h; path = MasterViewController.h; sourceTree = "<group>"; };
		4A899CED194EEFC40091DB61 /* MasterViewController.m */ = {isa = PBXFileReference; lastKnownFileType = sourcecode.c.objc; path = MasterViewController.m; sourceTree = "<group>"; };
		4A899CF2194EEFC40091DB61 /* Images.xcassets */ = {isa = PBXFileReference; lastKnownFileType = folder.assetcatalog; path = Images.xcassets; sourceTree = "<group>"; };
		4A899CF8194EEFC40091DB61 /* ToDo2Tests.xctest */ = {isa = PBXFileReference; explicitFileType = wrapper.cfbundle; includeInIndex = 0; path = ToDo2Tests.xctest; sourceTree = BUILT_PRODUCTS_DIR; };
		4A899CF9194EEFC40091DB61 /* XCTest.framework */ = {isa = PBXFileReference; lastKnownFileType = wrapper.framework; name = XCTest.framework; path = Library/Frameworks/XCTest.framework; sourceTree = DEVELOPER_DIR; };
		4A899D01194EEFC40091DB61 /* ToDo2Tests-Info.plist */ = {isa = PBXFileReference; lastKnownFileType = text.plist.xml; path = "ToDo2Tests-Info.plist"; sourceTree = "<group>"; };
		4A899D03194EEFC40091DB61 /* en */ = {isa = PBXFileReference; lastKnownFileType = text.plist.strings; name = en; path = en.lproj/InfoPlist.strings; sourceTree = "<group>"; };
		4A899D05194EEFC40091DB61 /* ToDo2Tests.m */ = {isa = PBXFileReference; lastKnownFileType = sourcecode.c.objc; path = ToDo2Tests.m; sourceTree = "<group>"; };
		4A899D0F194EF05F0091DB61 /* NewViewController.h */ = {isa = PBXFileReference; fileEncoding = 4; lastKnownFileType = sourcecode.c.h; name = NewViewController.h; path = ../NewViewController.h; sourceTree = "<group>"; };
		4A899D10194EF05F0091DB61 /* NewViewController.m */ = {isa = PBXFileReference; fileEncoding = 4; lastKnownFileType = sourcecode.c.objc; name = NewViewController.m; path = ../NewViewController.m; sourceTree = "<group>"; };
/* End PBXFileReference section */

/* Begin PBXFrameworksBuildPhase section */
		4A899CD1194EEFC40091DB61 /* Frameworks */ = {
			isa = PBXFrameworksBuildPhase;
			buildActionMask = 2147483647;
			files = (
				4A899CDA194EEFC40091DB61 /* CoreGraphics.framework in Frameworks */,
				4A899CDC194EEFC40091DB61 /* UIKit.framework in Frameworks */,
				4A899CD8194EEFC40091DB61 /* Foundation.framework in Frameworks */,
			);
			runOnlyForDeploymentPostprocessing = 0;
		};
		4A899CF5194EEFC40091DB61 /* Frameworks */ = {
			isa = PBXFrameworksBuildPhase;
			buildActionMask = 2147483647;
			files = (
				4A899CFA194EEFC40091DB61 /* XCTest.framework in Frameworks */,
				4A899CFC194EEFC40091DB61 /* UIKit.framework in Frameworks */,
				4A899CFB194EEFC40091DB61 /* Foundation.framework in Frameworks */,
			);
			runOnlyForDeploymentPostprocessing = 0;
		};
/* End PBXFrameworksBuildPhase section */

/* Begin PBXGroup section */
		4A899CCB194EEFC40091DB61 = {
			isa = PBXGroup;
			children = (
				4A899CDD194EEFC40091DB61 /* ToDo2 */,
				4A899CFF194EEFC40091DB61 /* ToDo2Tests */,
				4A899CD6194EEFC40091DB61 /* Frameworks */,
				4A899CD5194EEFC40091DB61 /* Products */,
			);
			sourceTree = "<group>";
		};
		4A899CD5194EEFC40091DB61 /* Products */ = {
			isa = PBXGroup;
			children = (
				4A899CD4194EEFC40091DB61 /* ToDo2.app */,
				4A899CF8194EEFC40091DB61 /* ToDo2Tests.xctest */,
			);
			name = Products;
			sourceTree = "<group>";
		};
		4A899CD6194EEFC40091DB61 /* Frameworks */ = {
			isa = PBXGroup;
			children = (
				4A899CD7194EEFC40091DB61 /* Foundation.framework */,
				4A899CD9194EEFC40091DB61 /* CoreGraphics.framework */,
				4A899CDB194EEFC40091DB61 /* UIKit.framework */,
				4A899CF9194EEFC40091DB61 /* XCTest.framework */,
			);
			name = Frameworks;
			sourceTree = "<group>";
		};
		4A899CDD194EEFC40091DB61 /* ToDo2 */ = {
			isa = PBXGroup;
			children = (
				4A899CE6194EEFC40091DB61 /* AppDelegate.h */,
				4A899CE7194EEFC40091DB61 /* AppDelegate.m */,
				4A899CE9194EEFC40091DB61 /* Main.storyboard */,
				4A899CEC194EEFC40091DB61 /* MasterViewController.h */,
				4A899CED194EEFC40091DB61 /* MasterViewController.m */,
				4A899D0F194EF05F0091DB61 /* NewViewController.h */,
				4A899D10194EF05F0091DB61 /* NewViewController.m */,
				4A899CF2194EEFC40091DB61 /* Images.xcassets */,
				4A899CDE194EEFC40091DB61 /* Supporting Files */,
			);
			path = ToDo2;
			sourceTree = "<group>";
		};
		4A899CDE194EEFC40091DB61 /* Supporting Files */ = {
			isa = PBXGroup;
			children = (
				4A899CDF194EEFC40091DB61 /* ToDo2-Info.plist */,
				4A899CE0194EEFC40091DB61 /* InfoPlist.strings */,
				4A899CE3194EEFC40091DB61 /* main.m */,
				4A899CE5194EEFC40091DB61 /* ToDo2-Prefix.pch */,
			);
			name = "Supporting Files";
			sourceTree = "<group>";
		};
		4A899CFF194EEFC40091DB61 /* ToDo2Tests */ = {
			isa = PBXGroup;
			children = (
				4A899D05194EEFC40091DB61 /* ToDo2Tests.m */,
				4A899D00194EEFC40091DB61 /* Supporting Files */,
			);
			path = ToDo2Tests;
			sourceTree = "<group>";
		};
		4A899D00194EEFC40091DB61 /* Supporting Files */ = {
			isa = PBXGroup;
			children = (
				4A899D01194EEFC40091DB61 /* ToDo2Tests-Info.plist */,
				4A899D02194EEFC40091DB61 /* InfoPlist.strings */,
			);
			name = "Supporting Files";
			sourceTree = "<group>";
		};
/* End PBXGroup section */

/* Begin PBXNativeTarget section */
		4A899CD3194EEFC40091DB61 /* ToDo2 */ = {
			isa = PBXNativeTarget;
			buildConfigurationList = 4A899D09194EEFC40091DB61 /* Build configuration list for PBXNativeTarget "ToDo2" */;
			buildPhases = (
				4A899CD0194EEFC40091DB61 /* Sources */,
				4A899CD1194EEFC40091DB61 /* Frameworks */,
				4A899CD2194EEFC40091DB61 /* Resources */,
			);
			buildRules = (
			);
			dependencies = (
			);
			name = ToDo2;
			productName = ToDo2;
			productReference = 4A899CD4194EEFC40091DB61 /* ToDo2.app */;
			productType = "com.apple.product-type.application";
		};
		4A899CF7194EEFC40091DB61 /* ToDo2Tests */ = {
			isa = PBXNativeTarget;
			buildConfigurationList = 4A899D0C194EEFC40091DB61 /* Build configuration list for PBXNativeTarget "ToDo2Tests" */;
			buildPhases = (
				4A899CF4194EEFC40091DB61 /* Sources */,
				4A899CF5194EEFC40091DB61 /* Frameworks */,
				4A899CF6194EEFC40091DB61 /* Resources */,
			);
			buildRules = (
			);
			dependencies = (
				4A899CFE194EEFC40091DB61 /* PBXTargetDependency */,
			);
			name = ToDo2Tests;
			productName = ToDo2Tests;
			productReference = 4A899CF8194EEFC40091DB61 /* ToDo2Tests.xctest */;
			productType = "com.apple.product-type.bundle.unit-test";
		};
/* End PBXNativeTarget section */

/* Begin PBXProject section */
		4A899CCC194EEFC40091DB61 /* Project object */ = {
			isa = PBXProject;
			attributes = {
				LastUpgradeCheck = 0510;
				ORGANIZATIONNAME = "Sachiko Murai";
				TargetAttributes = {
					4A899CF7194EEFC40091DB61 = {
						TestTargetID = 4A899CD3194EEFC40091DB61;
					};
				};
			};
			buildConfigurationList = 4A899CCF194EEFC40091DB61 /* Build configuration list for PBXProject "ToDo2" */;
			compatibilityVersion = "Xcode 3.2";
			developmentRegion = English;
			hasScannedForEncodings = 0;
			knownRegions = (
				en,
				Base,
			);
			mainGroup = 4A899CCB194EEFC40091DB61;
			productRefGroup = 4A899CD5194EEFC40091DB61 /* Products */;
			projectDirPath = "";
			projectRoot = "";
			targets = (
				4A899CD3194EEFC40091DB61 /* ToDo2 */,
				4A899CF7194EEFC40091DB61 /* ToDo2Tests */,
			);
		};
/* End PBXProject section */

/* Begin PBXResourcesBuildPhase section */
		4A899CD2194EEFC40091DB61 /* Resources */ = {
			isa = PBXResourcesBuildPhase;
			buildActionMask = 2147483647;
			files = (
				4A899CF3194EEFC40091DB61 /* Images.xcassets in Resources */,
				4A899CE2194EEFC40091DB61 /* InfoPlist.strings in Resources */,
				4A899CEB194EEFC40091DB61 /* Main.storyboard in Resources */,
			);
			runOnlyForDeploymentPostprocessing = 0;
		};
		4A899CF6194EEFC40091DB61 /* Resources */ = {
			isa = PBXResourcesBuildPhase;
			buildActionMask = 2147483647;
			files = (
				4A899D04194EEFC40091DB61 /* InfoPlist.strings in Resources */,
			);
			runOnlyForDeploymentPostprocessing = 0;
		};
/* End PBXResourcesBuildPhase section */

/* Begin PBXSourcesBuildPhase section */
		4A899CD0194EEFC40091DB61 /* Sources */ = {
			isa = PBXSourcesBuildPhase;
			buildActionMask = 2147483647;
			files = (
				4A899CE8194EEFC40091DB61 /* AppDelegate.m in Sources */,
				4A899CEE194EEFC40091DB61 /* MasterViewController.m in Sources */,
				4A899CE4194EEFC40091DB61 /* main.m in Sources */,
				4A899D11194EF05F0091DB61 /* NewViewController.m in Sources */,
			);
			runOnlyForDeploymentPostprocessing = 0;
		};
		4A899CF4194EEFC40091DB61 /* Sources */ = {
			isa = PBXSourcesBuildPhase;
			buildActionMask = 2147483647;
			files = (
				4A899D06194EEFC40091DB61 /* ToDo2Tests.m in Sources */,
			);
			runOnlyForDeploymentPostprocessing = 0;
		};
/* End PBXSourcesBuildPhase section */

/* Begin PBXTargetDependency section */
		4A899CFE194EEFC40091DB61 /* PBXTargetDependency */ = {
			isa = PBXTargetDependency;
			target = 4A899CD3194EEFC40091DB61 /* ToDo2 */;
			targetProxy = 4A899CFD194EEFC40091DB61 /* PBXContainerItemProxy */;
		};
/* End PBXTargetDependency section */

/* Begin PBXVariantGroup section */
		4A899CE0194EEFC40091DB61 /* InfoPlist.strings */ = {
			isa = PBXVariantGroup;
			children = (
				4A899CE1194EEFC40091DB61 /* en */,
			);
			name = InfoPlist.strings;
			sourceTree = "<group>";
		};
		4A899CE9194EEFC40091DB61 /* Main.storyboard */ = {
			isa = PBXVariantGroup;
			children = (
				4A899CEA194EEFC40091DB61 /* Base */,
			);
			name = Main.storyboard;
			sourceTree = "<group>";
		};
		4A899D02194EEFC40091DB61 /* InfoPlist.strings */ = {
			isa = PBXVariantGroup;
			children = (
				4A899D03194EEFC40091DB61 /* en */,
			);
			name = InfoPlist.strings;
			sourceTree = "<group>";
		};
/* End PBXVariantGroup section */

/* Begin XCBuildConfiguration section */
		4A899D07194EEFC40091DB61 /* Debug */ = {
			isa = XCBuildConfiguration;
			buildSettings = {
				ALWAYS_SEARCH_USER_PATHS = NO;
				CLANG_CXX_LANGUAGE_STANDARD = "gnu++0x";
				CLANG_CXX_LIBRARY = "libc++";
				CLANG_ENABLE_MODULES = YES;
				CLANG_ENABLE_OBJC_ARC = YES;
				CLANG_WARN_BOOL_CONVERSION = YES;
				CLANG_WARN_CONSTANT_CONVERSION = YES;
				CLANG_WARN_DIRECT_OBJC_ISA_USAGE = YES_ERROR;
				CLANG_WARN_EMPTY_BODY = YES;
				CLANG_WARN_ENUM_CONVERSION = YES;
				CLANG_WARN_INT_CONVERSION = YES;
				CLANG_WARN_OBJC_ROOT_CLASS = YES_ERROR;
				CLANG_WARN__DUPLICATE_METHOD_MATCH = YES;
				"CODE_SIGN_IDENTITY[sdk=iphoneos*]" = "iPhone Developer";
				COPY_PHASE_STRIP = NO;
				GCC_C_LANGUAGE_STANDARD = gnu99;
				GCC_DYNAMIC_NO_PIC = NO;
				GCC_OPTIMIZATION_LEVEL = 0;
				GCC_PREPROCESSOR_DEFINITIONS = (
					"DEBUG=1",
					"$(inherited)",
				);
				GCC_SYMBOLS_PRIVATE_EXTERN = NO;
				GCC_WARN_64_TO_32_BIT_CONVERSION = YES;
				GCC_WARN_ABOUT_RETURN_TYPE = YES_ERROR;
				GCC_WARN_UNDECLARED_SELECTOR = YES;
				GCC_WARN_UNINITIALIZED_AUTOS = YES_AGGRESSIVE;
				GCC_WARN_UNUSED_FUNCTION = YES;
				GCC_WARN_UNUSED_VARIABLE = YES;
				IPHONEOS_DEPLOYMENT_TARGET = 7.1;
				ONLY_ACTIVE_ARCH = YES;
				SDKROOT = iphoneos;
			};
			name = Debug;
		};
		4A899D08194EEFC40091DB61 /* Release */ = {
			isa = XCBuildConfiguration;
			buildSettings = {
				ALWAYS_SEARCH_USER_PATHS = NO;
				CLANG_CXX_LANGUAGE_STANDARD = "gnu++0x";
				CLANG_CXX_LIBRARY = "libc++";
				CLANG_ENABLE_MODULES = YES;
				CLANG_ENABLE_OBJC_ARC = YES;
				CLANG_WARN_BOOL_CONVERSION = YES;
				CLANG_WARN_CONSTANT_CONVERSION = YES;
				CLANG_WARN_DIRECT_OBJC_ISA_USAGE = YES_ERROR;
				CLANG_WARN_EMPTY_BODY = YES;
				CLANG_WARN_ENUM_CONVERSION = YES;
				CLANG_WARN_INT_CONVERSION = YES;
				CLANG_WARN_OBJC_ROOT_CLASS = YES_ERROR;
				CLANG_WARN__DUPLICATE_METHOD_MATCH = YES;
				"CODE_SIGN_IDENTITY[sdk=iphoneos*]" = "iPhone Developer";
				COPY_PHASE_STRIP = YES;
				ENABLE_NS_ASSERTIONS = NO;
				GCC_C_LANGUAGE_STANDARD = gnu99;
				GCC_WARN_64_TO_32_BIT_CONVERSION = YES;
				GCC_WARN_ABOUT_RETURN_TYPE = YES_ERROR;
				GCC_WARN_UNDECLARED_SELECTOR = YES;
				GCC_WARN_UNINITIALIZED_AUTOS = YES_AGGRESSIVE;
				GCC_WARN_UNUSED_FUNCTION = YES;
				GCC_WARN_UNUSED_VARIABLE = YES;
				IPHONEOS_DEPLOYMENT_TARGET = 7.1;
				SDKROOT = iphoneos;
				VALIDATE_PRODUCT = YES;
			};
			name = Release;
		};
		4A899D0A194EEFC40091DB61 /* Debug */ = {
			isa = XCBuildConfiguration;
			buildSettings = {
				ASSETCATALOG_COMPILER_APPICON_NAME = AppIcon;
				ASSETCATALOG_COMPILER_LAUNCHIMAGE_NAME = LaunchImage;
				GCC_PRECOMPILE_PREFIX_HEADER = YES;
				GCC_PREFIX_HEADER = "ToDo2/ToDo2-Prefix.pch";
				INFOPLIST_FILE = "ToDo2/ToDo2-Info.plist";
				PRODUCT_NAME = "$(TARGET_NAME)";
				WRAPPER_EXTENSION = app;
			};
			name = Debug;
		};
		4A899D0B194EEFC40091DB61 /* Release */ = {
			isa = XCBuildConfiguration;
			buildSettings = {
				ASSETCATALOG_COMPILER_APPICON_NAME = AppIcon;
				ASSETCATALOG_COMPILER_LAUNCHIMAGE_NAME = LaunchImage;
				GCC_PRECOMPILE_PREFIX_HEADER = YES;
				GCC_PREFIX_HEADER = "ToDo2/ToDo2-Prefix.pch";
				INFOPLIST_FILE = "ToDo2/ToDo2-Info.plist";
				PRODUCT_NAME = "$(TARGET_NAME)";
				WRAPPER_EXTENSION = app;
			};
			name = Release;
		};
		4A899D0D194EEFC40091DB61 /* Debug */ = {
			isa = XCBuildConfiguration;
			buildSettings = {
				BUNDLE_LOADER = "$(BUILT_PRODUCTS_DIR)/ToDo2.app/ToDo2";
				FRAMEWORK_SEARCH_PATHS = (
					"$(SDKROOT)/Developer/Library/Frameworks",
					"$(inherited)",
					"$(DEVELOPER_FRAMEWORKS_DIR)",
				);
				GCC_PRECOMPILE_PREFIX_HEADER = YES;
				GCC_PREFIX_HEADER = "ToDo2/ToDo2-Prefix.pch";
				GCC_PREPROCESSOR_DEFINITIONS = (
					"DEBUG=1",
					"$(inherited)",
				);
				INFOPLIST_FILE = "ToDo2Tests/ToDo2Tests-Info.plist";
				PRODUCT_NAME = "$(TARGET_NAME)";
				TEST_HOST = "$(BUNDLE_LOADER)";
				WRAPPER_EXTENSION = xctest;
			};
			name = Debug;
		};
		4A899D0E194EEFC40091DB61 /* Release */ = {
			isa = XCBuildConfiguration;
			buildSettings = {
				BUNDLE_LOADER = "$(BUILT_PRODUCTS_DIR)/ToDo2.app/ToDo2";
				FRAMEWORK_SEARCH_PATHS = (
					"$(SDKROOT)/Developer/Library/Frameworks",
					"$(inherited)",
					"$(DEVELOPER_FRAMEWORKS_DIR)",
				);
				GCC_PRECOMPILE_PREFIX_HEADER = YES;
				GCC_PREFIX_HEADER = "ToDo2/ToDo2-Prefix.pch";
				INFOPLIST_FILE = "ToDo2Tests/ToDo2Tests-Info.plist";
				PRODUCT_NAME = "$(TARGET_NAME)";
				TEST_HOST = "$(BUNDLE_LOADER)";
				WRAPPER_EXTENSION = xctest;
			};
			name = Release;
		};
/* End XCBuildConfiguration section */

/* Begin XCConfigurationList section */
		4A899CCF194EEFC40091DB61 /* Build configuration list for PBXProject "ToDo2" */ = {
			isa = XCConfigurationList;
			buildConfigurations = (
				4A899D07194EEFC40091DB61 /* Debug */,
				4A899D08194EEFC40091DB61 /* Release */,
			);
			defaultConfigurationIsVisible = 0;
			defaultConfigurationName = Release;
		};
		4A899D09194EEFC40091DB61 /* Build configuration list for PBXNativeTarget "ToDo2" */ = {
			isa = XCConfigurationList;
			buildConfigurations = (
				4A899D0A194EEFC40091DB61 /* Debug */,
				4A899D0B194EEFC40091DB61 /* Release */,
			);
			defaultConfigurationIsVisible = 0;
		};
		4A899D0C194EEFC40091DB61 /* Build configuration list for PBXNativeTarget "ToDo2Tests" */ = {
			isa = XCConfigurationList;
			buildConfigurations = (
				4A899D0D194EEFC40091DB61 /* Debug */,
				4A899D0E194EEFC40091DB61 /* Release */,
			);
			defaultConfigurationIsVisible = 0;
		};
/* End XCConfigurationList section */
	};
	rootObject = 4A899CCC194EEFC40091DB61 /* Project object */;
}
